{
  "version": 4,
  "terraform_version": "1.0.4",
  "serial": 11,
  "lineage": "4c8d41ab-023e-1957-a6af-1cbe9e9d9762",
  "outputs": {},
  "resources": [
    {
      "mode": "managed",
      "type": "docker_image",
      "name": "nginx",
      "provider": "provider[\"registry.terraform.io/kreuzwerker/docker\"]",
      "instances": [
        {
          "schema_version": 0,
          "attributes": {
            "build": [],
            "force_remove": null,
            "id": "sha256:08b152afcfae220e9709f00767054b824361c742ea03a9fe936271ba520a0a4bnginx:latest",
            "keep_locally": false,
            "latest": "sha256:08b152afcfae220e9709f00767054b824361c742ea03a9fe936271ba520a0a4b",
            "name": "nginx:latest",
            "output": null,
            "pull_trigger": null,
            "pull_triggers": null,
            "repo_digest": "nginx@sha256:8f335768880da6baf72b70c701002b45f4932acae8d574dedfddaf967fc3ac90"
          },
          "sensitive_attributes": [],
          "private": "bnVsbA=="
        }
      ]
    }
  ]
}
